
Microsoft Visual Studio Solution File, Format Version 12.00
# Visual Studio 15
VisualStudioVersion = 15.0.28307.572
MinimumVisualStudioVersion = 10.0.40219.1
Project("{FAE04EC0-301F-11D3-BF4B-00C04F79EFBC}") = "TestApp.Android", "TestApp\TestApp.Android\TestApp.Android.csproj", "{0A3D855F-C59E-4BE3-803D-05E3D9B8295F}"
EndProject
Project("{FAE04EC0-301F-11D3-BF4B-00C04F79EFBC}") = "TestApp.iOS", "TestApp\TestApp.iOS\TestApp.iOS.csproj", "{518D789F-FD58-4ED5-8AD8-8A968840EEBD}"
EndProject
Project("{FAE04EC0-301F-11D3-BF4B-00C04F79EFBC}") = "TestApp", "TestApp\TestApp\TestApp.csproj", "{1F089659-B651-41DE-A2C0-4C5F1EFF8954}"
EndProject
Global
	GlobalSection(SolutionConfigurationPlatforms) = preSolution
		Ad-Hoc|Any CPU = Ad-Hoc|Any CPU
		Ad-Hoc|iPhone = Ad-Hoc|iPhone
		Ad-Hoc|iPhoneSimulator = Ad-Hoc|iPhoneSimulator
		AppStore|Any CPU = AppStore|Any CPU
		AppStore|iPhone = AppStore|iPhone
		AppStore|iPhoneSimulator = AppStore|iPhoneSimulator
		Debug|Any CPU = Debug|Any CPU
		Debug|iPhone = Debug|iPhone
		Debug|iPhoneSimulator = Debug|iPhoneSimulator
		Release|Any CPU = Release|Any CPU
		Release|iPhone = Release|iPhone
		Release|iPhoneSimulator = Release|iPhoneSimulator
	EndGlobalSection
	GlobalSection(ProjectConfigurationPlatforms) = postSolution
		{0A3D855F-C59E-4BE3-803D-05E3D9B8295F}.Ad-Hoc|Any CPU.ActiveCfg = Release|Any CPU
		{0A3D855F-C59E-4BE3-803D-05E3D9B8295F}.Ad-Hoc|Any CPU.Build.0 = Release|Any CPU
		{0A3D855F-C59E-4BE3-803D-05E3D9B8295F}.Ad-Hoc|Any CPU.Deploy.0 = Release|Any CPU
		{0A3D855F-C59E-4BE3-803D-05E3D9B8295F}.Ad-Hoc|iPhone.ActiveCfg = Release|Any CPU
		{0A3D855F-C59E-4BE3-803D-05E3D9B8295F}.Ad-Hoc|iPhone.Build.0 = Release|Any CPU
		{0A3D855F-C59E-4BE3-803D-05E3D9B8295F}.Ad-Hoc|iPhone.Deploy.0 = Release|Any CPU
		{0A3D855F-C59E-4BE3-803D-05E3D9B8295F}.Ad-Hoc|iPhoneSimulator.ActiveCfg = Release|Any CPU
		{0A3D855F-C59E-4BE3-803D-05E3D9B8295F}.Ad-Hoc|iPhoneSimulator.Build.0 = Release|Any CPU
		{0A3D855F-C59E-4BE3-803D-05E3D9B8295F}.Ad-Hoc|iPhoneSimulator.Deploy.0 = Release|Any CPU
		{0A3D855F-C59E-4BE3-803D-05E3D9B8295F}.AppStore|Any CPU.ActiveCfg = Release|Any CPU
		{0A3D855F-C59E-4BE3-803D-05E3D9B8295F}.AppStore|Any CPU.Build.0 = Release|Any CPU
		{0A3D855F-C59E-4BE3-803D-05E3D9B8295F}.AppStore|Any CPU.Deploy.0 = Release|Any CPU
		{0A3D855F-C59E-4BE3-803D-05E3D9B8295F}.AppStore|iPhone.ActiveCfg = Release|Any CPU
		{0A3D855F-C59E-4BE3-803D-05E3D9B8295F}.AppStore|iPhone.Build.0 = Release|Any CPU
		{0A3D855F-C59E-4BE3-803D-05E3D9B8295F}.AppStore|iPhone.Deploy.0 = Release|Any CPU
		{0A3D855F-C59E-4BE3-803D-05E3D9B8295F}.AppStore|iPhoneSimulator.ActiveCfg = Release|Any CPU
		{0A3D855F-C59E-4BE3-803D-05E3D9B8295F}.AppStore|iPhoneSimulator.Build.0 = Release|Any CPU
		{0A3D855F-C59E-4BE3-803D-05E3D9B8295F}.AppStore|iPhoneSimulator.Deploy.0 = Release|Any CPU
		{0A3D855F-C59E-4BE3-803D-05E3D9B8295F}.Debug|Any CPU.ActiveCfg = Debug|Any CPU
		{0A3D855F-C59E-4BE3-803D-05E3D9B8295F}.Debug|Any CPU.Build.0 = Debug|Any CPU
		{0A3D855F-C59E-4BE3-803D-05E3D9B8295F}.Debug|Any CPU.Deploy.0 = Debug|Any CPU
		{0A3D855F-C59E-4BE3-803D-05E3D9B8295F}.Debug|iPhone.ActiveCfg = Debug|Any CPU
		{0A3D855F-C59E-4BE3-803D-05E3D9B8295F}.Debug|iPhone.Build.0 = Debug|Any CPU
		{0A3D855F-C59E-4BE3-803D-05E3D9B8295F}.Debug|iPhone.Deploy.0 = Debug|Any CPU
		{0A3D855F-C59E-4BE3-803D-05E3D9B8295F}.Debug|iPhoneSimulator.ActiveCfg = Debug|Any CPU
		{0A3D855F-C59E-4BE3-803D-05E3D9B8295F}.Debug|iPhoneSimulator.Build.0 = Debug|Any CPU
		{0A3D855F-C59E-4BE3-803D-05E3D9B8295F}.Debug|iPhoneSimulator.Deploy.0 = Debug|Any CPU
		{0A3D855F-C59E-4BE3-803D-05E3D9B8295F}.Release|Any CPU.ActiveCfg = Release|Any CPU
		{0A3D855F-C59E-4BE3-803D-05E3D9B8295F}.Release|Any CPU.Build.0 = Release|Any CPU
		{0A3D855F-C59E-4BE3-803D-05E3D9B8295F}.Release|Any CPU.Deploy.0 = Release|Any CPU
		{0A3D855F-C59E-4BE3-803D-05E3D9B8295F}.Release|iPhone.ActiveCfg = Release|Any CPU
		{0A3D855F-C59E-4BE3-803D-05E3D9B8295F}.Release|iPhone.Build.0 = Release|Any CPU
		{0A3D855F-C59E-4BE3-803D-05E3D9B8295F}.Release|iPhone.Deploy.0 = Release|Any CPU
		{0A3D855F-C59E-4BE3-803D-05E3D9B8295F}.Release|iPhoneSimulator.ActiveCfg = Release|Any CPU
		{0A3D855F-C59E-4BE3-803D-05E3D9B8295F}.Release|iPhoneSimulator.Build.0 = Release|Any CPU
		{0A3D855F-C59E-4BE3-803D-05E3D9B8295F}.Release|iPhoneSimulator.Deploy.0 = Release|Any CPU
		{518D789F-FD58-4ED5-8AD8-8A968840EEBD}.Ad-Hoc|Any CPU.ActiveCfg = Ad-Hoc|iPhone
		{518D789F-FD58-4ED5-8AD8-8A968840EEBD}.Ad-Hoc|Any CPU.Build.0 = Ad-Hoc|iPhone
		{518D789F-FD58-4ED5-8AD8-8A968840EEBD}.Ad-Hoc|Any CPU.Deploy.0 = Ad-Hoc|iPhone
		{518D789F-FD58-4ED5-8AD8-8A968840EEBD}.Ad-Hoc|iPhone.ActiveCfg = Ad-Hoc|iPhone
		{518D789F-FD58-4ED5-8AD8-8A968840EEBD}.Ad-Hoc|iPhone.Build.0 = Ad-Hoc|iPhone
		{518D789F-FD58-4ED5-8AD8-8A968840EEBD}.Ad-Hoc|iPhone.Deploy.0 = Ad-Hoc|iPhone
		{518D789F-FD58-4ED5-8AD8-8A968840EEBD}.Ad-Hoc|iPhoneSimulator.ActiveCfg = Ad-Hoc|iPhoneSimulator
		{518D789F-FD58-4ED5-8AD8-8A968840EEBD}.Ad-Hoc|iPhoneSimulator.Build.0 = Ad-Hoc|iPhoneSimulator
		{518D789F-FD58-4ED5-8AD8-8A968840EEBD}.Ad-Hoc|iPhoneSimulator.Deploy.0 = Ad-Hoc|iPhoneSimulator
		{518D789F-FD58-4ED5-8AD8-8A968840EEBD}.AppStore|Any CPU.ActiveCfg = AppStore|iPhone
		{518D789F-FD58-4ED5-8AD8-8A968840EEBD}.AppStore|Any CPU.Build.0 = AppStore|iPhone
		{518D789F-FD58-4ED5-8AD8-8A968840EEBD}.AppStore|Any CPU.Deploy.0 = AppStore|iPhone
		{518D789F-FD58-4ED5-8AD8-8A968840EEBD}.AppStore|iPhone.ActiveCfg = AppStore|iPhone
		{518D789F-FD58-4ED5-8AD8-8A968840EEBD}.AppStore|iPhone.Build.0 = AppStore|iPhone
		{518D789F-FD58-4ED5-8AD8-8A968840EEBD}.AppStore|iPhone.Deploy.0 = AppStore|iPhone
		{518D789F-FD58-4ED5-8AD8-8A968840EEBD}.AppStore|iPhoneSimulator.ActiveCfg = AppStore|iPhoneSimulator
		{518D789F-FD58-4ED5-8AD8-8A968840EEBD}.AppStore|iPhoneSimulator.Build.0 = AppStore|iPhoneSimulator
		{518D789F-FD58-4ED5-8AD8-8A968840EEBD}.AppStore|iPhoneSimulator.Deploy.0 = AppStore|iPhoneSimulator
		{518D789F-FD58-4ED5-8AD8-8A968840EEBD}.Debug|Any CPU.ActiveCfg = Debug|iPhoneSimulator
		{518D789F-FD58-4ED5-8AD8-8A968840EEBD}.Debug|Any CPU.Build.0 = Debug|iPhoneSimulator
		{518D789F-FD58-4ED5-8AD8-8A968840EEBD}.Debug|Any CPU.Deploy.0 = Debug|iPhoneSimulator
		{518D789F-FD58-4ED5-8AD8-8A968840EEBD}.Debug|iPhone.ActiveCfg = Debug|iPhone
		{518D789F-FD58-4ED5-8AD8-8A968840EEBD}.Debug|iPhone.Build.0 = Debug|iPhone
		{518D789F-FD58-4ED5-8AD8-8A968840EEBD}.Debug|iPhone.Deploy.0 = Debug|iPhone
		{518D789F-FD58-4ED5-8AD8-8A968840EEBD}.Debug|iPhoneSimulator.ActiveCfg = Debug|iPhoneSimulator
		{518D789F-FD58-4ED5-8AD8-8A968840EEBD}.Debug|iPhoneSimulator.Build.0 = Debug|iPhoneSimulator
		{518D789F-FD58-4ED5-8AD8-8A968840EEBD}.Debug|iPhoneSimulator.Deploy.0 = Debug|iPhoneSimulator
		{518D789F-FD58-4ED5-8AD8-8A968840EEBD}.Release|Any CPU.ActiveCfg = Release|iPhone
		{518D789F-FD58-4ED5-8AD8-8A968840EEBD}.Release|Any CPU.Build.0 = Release|iPhone
		{518D789F-FD58-4ED5-8AD8-8A968840EEBD}.Release|Any CPU.Deploy.0 = Release|iPhone
		{518D789F-FD58-4ED5-8AD8-8A968840EEBD}.Release|iPhone.ActiveCfg = Release|iPhone
		{518D789F-FD58-4ED5-8AD8-8A968840EEBD}.Release|iPhone.Build.0 = Release|iPhone
		{518D789F-FD58-4ED5-8AD8-8A968840EEBD}.Release|iPhone.Deploy.0 = Release|iPhone
		{518D789F-FD58-4ED5-8AD8-8A968840EEBD}.Release|iPhoneSimulator.ActiveCfg = Release|iPhoneSimulator
		{518D789F-FD58-4ED5-8AD8-8A968840EEBD}.Release|iPhoneSimulator.Build.0 = Release|iPhoneSimulator
		{518D789F-FD58-4ED5-8AD8-8A968840EEBD}.Release|iPhoneSimulator.Deploy.0 = Release|iPhoneSimulator
		{1F089659-B651-41DE-A2C0-4C5F1EFF8954}.Ad-Hoc|Any CPU.ActiveCfg = Debug|Any CPU
		{1F089659-B651-41DE-A2C0-4C5F1EFF8954}.Ad-Hoc|Any CPU.Build.0 = Debug|Any CPU
		{1F089659-B651-41DE-A2C0-4C5F1EFF8954}.Ad-Hoc|Any CPU.Deploy.0 = Debug|Any CPU
		{1F089659-B651-41DE-A2C0-4C5F1EFF8954}.Ad-Hoc|iPhone.ActiveCfg = Debug|Any CPU
		{1F089659-B651-41DE-A2C0-4C5F1EFF8954}.Ad-Hoc|iPhone.Build.0 = Debug|Any CPU
		{1F089659-B651-41DE-A2C0-4C5F1EFF8954}.Ad-Hoc|iPhone.Deploy.0 = Debug|Any CPU
		{1F089659-B651-41DE-A2C0-4C5F1EFF8954}.Ad-Hoc|iPhoneSimulator.ActiveCfg = Debug|Any CPU
		{1F089659-B651-41DE-A2C0-4C5F1EFF8954}.Ad-Hoc|iPhoneSimulator.Build.0 = Debug|Any CPU
		{1F089659-B651-41DE-A2C0-4C5F1EFF8954}.Ad-Hoc|iPhoneSimulator.Deploy.0 = Debug|Any CPU
		{1F089659-B651-41DE-A2C0-4C5F1EFF8954}.AppStore|Any CPU.ActiveCfg = Debug|Any CPU
		{1F089659-B651-41DE-A2C0-4C5F1EFF8954}.AppStore|Any CPU.Build.0 = Debug|Any CPU
		{1F089659-B651-41DE-A2C0-4C5F1EFF8954}.AppStore|Any CPU.Deploy.0 = Debug|Any CPU
		{1F089659-B651-41DE-A2C0-4C5F1EFF8954}.AppStore|iPhone.ActiveCfg = Debug|Any CPU
		{1F089659-B651-41DE-A2C0-4C5F1EFF8954}.AppStore|iPhone.Build.0 = Debug|Any CPU
		{1F089659-B651-41DE-A2C0-4C5F1EFF8954}.AppStore|iPhone.Deploy.0 = Debug|Any CPU
		{1F089659-B651-41DE-A2C0-4C5F1EFF8954}.AppStore|iPhoneSimulator.ActiveCfg = Debug|Any CPU
		{1F089659-B651-41DE-A2C0-4C5F1EFF8954}.AppStore|iPhoneSimulator.Build.0 = Debug|Any CPU
		{1F089659-B651-41DE-A2C0-4C5F1EFF8954}.AppStore|iPhoneSimulator.Deploy.0 = Debug|Any CPU
		{1F089659-B651-41DE-A2C0-4C5F1EFF8954}.Debug|Any CPU.ActiveCfg = Debug|Any CPU
		{1F089659-B651-41DE-A2C0-4C5F1EFF8954}.Debug|Any CPU.Build.0 = Debug|Any CPU
		{1F089659-B651-41DE-A2C0-4C5F1EFF8954}.Debug|Any CPU.Deploy.0 = Debug|Any CPU
		{1F089659-B651-41DE-A2C0-4C5F1EFF8954}.Debug|iPhone.ActiveCfg = Debug|Any CPU
		{1F089659-B651-41DE-A2C0-4C5F1EFF8954}.Debug|iPhone.Build.0 = Debug|Any CPU
		{1F089659-B651-41DE-A2C0-4C5F1EFF8954}.Debug|iPhone.Deploy.0 = Debug|Any CPU
		{1F089659-B651-41DE-A2C0-4C5F1EFF8954}.Debug|iPhoneSimulator.ActiveCfg = Debug|Any CPU
		{1F089659-B651-41DE-A2C0-4C5F1EFF8954}.Debug|iPhoneSimulator.Build.0 = Debug|Any CPU
		{1F089659-B651-41DE-A2C0-4C5F1EFF8954}.Debug|iPhoneSimulator.Deploy.0 = Debug|Any CPU
		{1F089659-B651-41DE-A2C0-4C5F1EFF8954}.Release|Any CPU.ActiveCfg = Release|Any CPU
		{1F089659-B651-41DE-A2C0-4C5F1EFF8954}.Release|Any CPU.Build.0 = Release|Any CPU
		{1F089659-B651-41DE-A2C0-4C5F1EFF8954}.Release|Any CPU.Deploy.0 = Release|Any CPU
		{1F089659-B651-41DE-A2C0-4C5F1EFF8954}.Release|iPhone.ActiveCfg = Release|Any CPU
		{1F089659-B651-41DE-A2C0-4C5F1EFF8954}.Release|iPhone.Build.0 = Release|Any CPU
		{1F089659-B651-41DE-A2C0-4C5F1EFF8954}.Release|iPhone.Deploy.0 = Release|Any CPU
		{1F089659-B651-41DE-A2C0-4C5F1EFF8954}.Release|iPhoneSimulator.ActiveCfg = Release|Any CPU
		{1F089659-B651-41DE-A2C0-4C5F1EFF8954}.Release|iPhoneSimulator.Build.0 = Release|Any CPU
		{1F089659-B651-41DE-A2C0-4C5F1EFF8954}.Release|iPhoneSimulator.Deploy.0 = Release|Any CPU
	EndGlobalSection
	GlobalSection(SolutionProperties) = preSolution
		HideSolutionNode = FALSE
	EndGlobalSection
	GlobalSection(ExtensibilityGlobals) = postSolution
		SolutionGuid = {B99A82AE-833E-4352-B01E-921EC6CF466D}
	EndGlobalSection
EndGlobal
